
Microsoft Visual Studio Solution File, Format Version 12.00
# Visual Studio 15
VisualStudioVersion = 15.0.26430.16
MinimumVisualStudioVersion = 10.0.40219.1
Project("{D954291E-2A0B-460D-934E-DC6B0785DB48}") = "CalculadoraLogin", "CalculadoraLogin\CalculadoraLogin\CalculadoraLogin.shproj", "{33157F1B-DDCF-45F8-9A2B-F0B469561F5A}"
EndProject
Project("{FAE04EC0-301F-11D3-BF4B-00C04F79EFBC}") = "CalculadoraLogin.Android", "CalculadoraLogin\CalculadoraLogin.Android\CalculadoraLogin.Android.csproj", "{D24CF20B-2EF2-4072-ADDE-A45E6A009C2B}"
EndProject
Project("{FAE04EC0-301F-11D3-BF4B-00C04F79EFBC}") = "CalculadoraLogin.iOS", "CalculadoraLogin\CalculadoraLogin.iOS\CalculadoraLogin.iOS.csproj", "{D11B10A5-EF74-4D8E-B5D8-F26552F4BF04}"
EndProject
Global
	GlobalSection(SharedMSBuildProjectFiles) = preSolution
		CalculadoraLogin\CalculadoraLogin\CalculadoraLogin.projitems*{33157f1b-ddcf-45f8-9a2b-f0b469561f5a}*SharedItemsImports = 13
		CalculadoraLogin\CalculadoraLogin\CalculadoraLogin.projitems*{d11b10a5-ef74-4d8e-b5d8-f26552f4bf04}*SharedItemsImports = 4
		CalculadoraLogin\CalculadoraLogin\CalculadoraLogin.projitems*{d24cf20b-2ef2-4072-adde-a45e6a009c2b}*SharedItemsImports = 4
	EndGlobalSection
	GlobalSection(SolutionConfigurationPlatforms) = preSolution
		Ad-Hoc|Any CPU = Ad-Hoc|Any CPU
		Ad-Hoc|iPhone = Ad-Hoc|iPhone
		Ad-Hoc|iPhoneSimulator = Ad-Hoc|iPhoneSimulator
		AppStore|Any CPU = AppStore|Any CPU
		AppStore|iPhone = AppStore|iPhone
		AppStore|iPhoneSimulator = AppStore|iPhoneSimulator
		Debug|Any CPU = Debug|Any CPU
		Debug|iPhone = Debug|iPhone
		Debug|iPhoneSimulator = Debug|iPhoneSimulator
		Release|Any CPU = Release|Any CPU
		Release|iPhone = Release|iPhone
		Release|iPhoneSimulator = Release|iPhoneSimulator
	EndGlobalSection
	GlobalSection(ProjectConfigurationPlatforms) = postSolution
		{D24CF20B-2EF2-4072-ADDE-A45E6A009C2B}.Ad-Hoc|Any CPU.ActiveCfg = Release|Any CPU
		{D24CF20B-2EF2-4072-ADDE-A45E6A009C2B}.Ad-Hoc|Any CPU.Build.0 = Release|Any CPU
		{D24CF20B-2EF2-4072-ADDE-A45E6A009C2B}.Ad-Hoc|Any CPU.Deploy.0 = Release|Any CPU
		{D24CF20B-2EF2-4072-ADDE-A45E6A009C2B}.Ad-Hoc|iPhone.ActiveCfg = Release|Any CPU
		{D24CF20B-2EF2-4072-ADDE-A45E6A009C2B}.Ad-Hoc|iPhone.Build.0 = Release|Any CPU
		{D24CF20B-2EF2-4072-ADDE-A45E6A009C2B}.Ad-Hoc|iPhone.Deploy.0 = Release|Any CPU
		{D24CF20B-2EF2-4072-ADDE-A45E6A009C2B}.Ad-Hoc|iPhoneSimulator.ActiveCfg = Release|Any CPU
		{D24CF20B-2EF2-4072-ADDE-A45E6A009C2B}.Ad-Hoc|iPhoneSimulator.Build.0 = Release|Any CPU
		{D24CF20B-2EF2-4072-ADDE-A45E6A009C2B}.Ad-Hoc|iPhoneSimulator.Deploy.0 = Release|Any CPU
		{D24CF20B-2EF2-4072-ADDE-A45E6A009C2B}.AppStore|Any CPU.ActiveCfg = Release|Any CPU
		{D24CF20B-2EF2-4072-ADDE-A45E6A009C2B}.AppStore|Any CPU.Build.0 = Release|Any CPU
		{D24CF20B-2EF2-4072-ADDE-A45E6A009C2B}.AppStore|Any CPU.Deploy.0 = Release|Any CPU
		{D24CF20B-2EF2-4072-ADDE-A45E6A009C2B}.AppStore|iPhone.ActiveCfg = Release|Any CPU
		{D24CF20B-2EF2-4072-ADDE-A45E6A009C2B}.AppStore|iPhone.Build.0 = Release|Any CPU
		{D24CF20B-2EF2-4072-ADDE-A45E6A009C2B}.AppStore|iPhone.Deploy.0 = Release|Any CPU
		{D24CF20B-2EF2-4072-ADDE-A45E6A009C2B}.AppStore|iPhoneSimulator.ActiveCfg = Release|Any CPU
		{D24CF20B-2EF2-4072-ADDE-A45E6A009C2B}.AppStore|iPhoneSimulator.Build.0 = Release|Any CPU
		{D24CF20B-2EF2-4072-ADDE-A45E6A009C2B}.AppStore|iPhoneSimulator.Deploy.0 = Release|Any CPU
		{D24CF20B-2EF2-4072-ADDE-A45E6A009C2B}.Debug|Any CPU.ActiveCfg = Debug|Any CPU
		{D24CF20B-2EF2-4072-ADDE-A45E6A009C2B}.Debug|Any CPU.Build.0 = Debug|Any CPU
		{D24CF20B-2EF2-4072-ADDE-A45E6A009C2B}.Debug|Any CPU.Deploy.0 = Debug|Any CPU
		{D24CF20B-2EF2-4072-ADDE-A45E6A009C2B}.Debug|iPhone.ActiveCfg = Debug|Any CPU
		{D24CF20B-2EF2-4072-ADDE-A45E6A009C2B}.Debug|iPhone.Build.0 = Debug|Any CPU
		{D24CF20B-2EF2-4072-ADDE-A45E6A009C2B}.Debug|iPhone.Deploy.0 = Debug|Any CPU
		{D24CF20B-2EF2-4072-ADDE-A45E6A009C2B}.Debug|iPhoneSimulator.ActiveCfg = Debug|Any CPU
		{D24CF20B-2EF2-4072-ADDE-A45E6A009C2B}.Debug|iPhoneSimulator.Build.0 = Debug|Any CPU
		{D24CF20B-2EF2-4072-ADDE-A45E6A009C2B}.Debug|iPhoneSimulator.Deploy.0 = Debug|Any CPU
		{D24CF20B-2EF2-4072-ADDE-A45E6A009C2B}.Release|Any CPU.ActiveCfg = Release|Any CPU
		{D24CF20B-2EF2-4072-ADDE-A45E6A009C2B}.Release|Any CPU.Build.0 = Release|Any CPU
		{D24CF20B-2EF2-4072-ADDE-A45E6A009C2B}.Release|Any CPU.Deploy.0 = Release|Any CPU
		{D24CF20B-2EF2-4072-ADDE-A45E6A009C2B}.Release|iPhone.ActiveCfg = Release|Any CPU
		{D24CF20B-2EF2-4072-ADDE-A45E6A009C2B}.Release|iPhone.Build.0 = Release|Any CPU
		{D24CF20B-2EF2-4072-ADDE-A45E6A009C2B}.Release|iPhone.Deploy.0 = Release|Any CPU
		{D24CF20B-2EF2-4072-ADDE-A45E6A009C2B}.Release|iPhoneSimulator.ActiveCfg = Release|Any CPU
		{D24CF20B-2EF2-4072-ADDE-A45E6A009C2B}.Release|iPhoneSimulator.Build.0 = Release|Any CPU
		{D24CF20B-2EF2-4072-ADDE-A45E6A009C2B}.Release|iPhoneSimulator.Deploy.0 = Release|Any CPU
		{D11B10A5-EF74-4D8E-B5D8-F26552F4BF04}.Ad-Hoc|Any CPU.ActiveCfg = Ad-Hoc|iPhone
		{D11B10A5-EF74-4D8E-B5D8-F26552F4BF04}.Ad-Hoc|iPhone.ActiveCfg = Ad-Hoc|iPhone
		{D11B10A5-EF74-4D8E-B5D8-F26552F4BF04}.Ad-Hoc|iPhone.Build.0 = Ad-Hoc|iPhone
		{D11B10A5-EF74-4D8E-B5D8-F26552F4BF04}.Ad-Hoc|iPhoneSimulator.ActiveCfg = Ad-Hoc|iPhoneSimulator
		{D11B10A5-EF74-4D8E-B5D8-F26552F4BF04}.Ad-Hoc|iPhoneSimulator.Build.0 = Ad-Hoc|iPhoneSimulator
		{D11B10A5-EF74-4D8E-B5D8-F26552F4BF04}.AppStore|Any CPU.ActiveCfg = AppStore|iPhone
		{D11B10A5-EF74-4D8E-B5D8-F26552F4BF04}.AppStore|iPhone.ActiveCfg = AppStore|iPhone
		{D11B10A5-EF74-4D8E-B5D8-F26552F4BF04}.AppStore|iPhone.Build.0 = AppStore|iPhone
		{D11B10A5-EF74-4D8E-B5D8-F26552F4BF04}.AppStore|iPhoneSimulator.ActiveCfg = AppStore|iPhoneSimulator
		{D11B10A5-EF74-4D8E-B5D8-F26552F4BF04}.AppStore|iPhoneSimulator.Build.0 = AppStore|iPhoneSimulator
		{D11B10A5-EF74-4D8E-B5D8-F26552F4BF04}.Debug|Any CPU.ActiveCfg = Debug|iPhone
		{D11B10A5-EF74-4D8E-B5D8-F26552F4BF04}.Debug|iPhone.ActiveCfg = Debug|iPhone
		{D11B10A5-EF74-4D8E-B5D8-F26552F4BF04}.Debug|iPhone.Build.0 = Debug|iPhone
		{D11B10A5-EF74-4D8E-B5D8-F26552F4BF04}.Debug|iPhoneSimulator.ActiveCfg = Debug|iPhoneSimulator
		{D11B10A5-EF74-4D8E-B5D8-F26552F4BF04}.Debug|iPhoneSimulator.Build.0 = Debug|iPhoneSimulator
		{D11B10A5-EF74-4D8E-B5D8-F26552F4BF04}.Release|Any CPU.ActiveCfg = Release|iPhone
		{D11B10A5-EF74-4D8E-B5D8-F26552F4BF04}.Release|iPhone.ActiveCfg = Release|iPhone
		{D11B10A5-EF74-4D8E-B5D8-F26552F4BF04}.Release|iPhone.Build.0 = Release|iPhone
		{D11B10A5-EF74-4D8E-B5D8-F26552F4BF04}.Release|iPhoneSimulator.ActiveCfg = Release|iPhoneSimulator
		{D11B10A5-EF74-4D8E-B5D8-F26552F4BF04}.Release|iPhoneSimulator.Build.0 = Release|iPhoneSimulator
	EndGlobalSection
	GlobalSection(SolutionProperties) = preSolution
		HideSolutionNode = FALSE
	EndGlobalSection
EndGlobal
